
Microsoft Visual Studio Solution File, Format Version 12.00
# Visual Studio Version 17
VisualStudioVersion = 17.1.32210.238
MinimumVisualStudioVersion = 10.0.40219.1
Project("{FAE04EC0-301F-11D3-BF4B-00C04F79EFBC}") = "Lab 2.2", "Lab 2.2.csproj", "{C1867D17-4B32-4BCA-97F8-079088383347}"
EndProject
Global
	GlobalSection(SolutionConfigurationPlatforms) = preSolution
		Debug|Any CPU = Debug|Any CPU
		Release|Any CPU = Release|Any CPU
	EndGlobalSection
	GlobalSection(ProjectConfigurationPlatforms) = postSolution
		{C1867D17-4B32-4BCA-97F8-079088383347}.Debug|Any CPU.ActiveCfg = Debug|Any CPU
		{C1867D17-4B32-4BCA-97F8-079088383347}.Debug|Any CPU.Build.0 = Debug|Any CPU
		{C1867D17-4B32-4BCA-97F8-079088383347}.Release|Any CPU.ActiveCfg = Release|Any CPU
		{C1867D17-4B32-4BCA-97F8-079088383347}.Release|Any CPU.Build.0 = Release|Any CPU
	EndGlobalSection
	GlobalSection(SolutionProperties) = preSolution
		HideSolutionNode = FALSE
	EndGlobalSection
	GlobalSection(ExtensibilityGlobals) = postSolution
		SolutionGuid = {59619A4A-98F9-454F-AA18-7BE6E25D1C9F}
	EndGlobalSection
EndGlobal
